
Microsoft Visual Studio Solution File, Format Version 12.00
# Visual Studio 15
VisualStudioVersion = 15.0.28307.645
MinimumVisualStudioVersion = 10.0.40219.1
Project("{FAE04EC0-301F-11D3-BF4B-00C04F79EFBC}") = "WpfAppHello", "WpfAppHello\WpfAppHello.csproj", "{1504C699-1040-4FE0-8BC3-9A4300BAD7B1}"
EndProject
Global
	GlobalSection(SolutionConfigurationPlatforms) = preSolution
		Debug|Any CPU = Debug|Any CPU
		Release|Any CPU = Release|Any CPU
	EndGlobalSection
	GlobalSection(ProjectConfigurationPlatforms) = postSolution
		{1504C699-1040-4FE0-8BC3-9A4300BAD7B1}.Debug|Any CPU.ActiveCfg = Debug|Any CPU
		{1504C699-1040-4FE0-8BC3-9A4300BAD7B1}.Debug|Any CPU.Build.0 = Debug|Any CPU
		{1504C699-1040-4FE0-8BC3-9A4300BAD7B1}.Release|Any CPU.ActiveCfg = Release|Any CPU
		{1504C699-1040-4FE0-8BC3-9A4300BAD7B1}.Release|Any CPU.Build.0 = Release|Any CPU
	EndGlobalSection
	GlobalSection(SolutionProperties) = preSolution
		HideSolutionNode = FALSE
	EndGlobalSection
	GlobalSection(ExtensibilityGlobals) = postSolution
		SolutionGuid = {D0800EAF-1D75-446C-A481-6D8FFDD1A25E}
	EndGlobalSection
EndGlobal
